
Microsoft Visual Studio Solution File, Format Version 12.00
# Visual Studio 15
VisualStudioVersion = 15.0.28307.421
MinimumVisualStudioVersion = 10.0.40219.1
Project("{FAE04EC0-301F-11D3-BF4B-00C04F79EFBC}") = "DatabaseUIManager", "DatabaseUIManager\DatabaseUIManager.csproj", "{87724569-6E83-4E5E-9190-0FF0B785006A}"
EndProject
Global
	GlobalSection(SolutionConfigurationPlatforms) = preSolution
		Debug|Any CPU = Debug|Any CPU
		Release|Any CPU = Release|Any CPU
	EndGlobalSection
	GlobalSection(ProjectConfigurationPlatforms) = postSolution
		{87724569-6E83-4E5E-9190-0FF0B785006A}.Debug|Any CPU.ActiveCfg = Debug|Any CPU
		{87724569-6E83-4E5E-9190-0FF0B785006A}.Debug|Any CPU.Build.0 = Debug|Any CPU
		{87724569-6E83-4E5E-9190-0FF0B785006A}.Release|Any CPU.ActiveCfg = Release|Any CPU
		{87724569-6E83-4E5E-9190-0FF0B785006A}.Release|Any CPU.Build.0 = Release|Any CPU
	EndGlobalSection
	GlobalSection(SolutionProperties) = preSolution
		HideSolutionNode = FALSE
	EndGlobalSection
	GlobalSection(ExtensibilityGlobals) = postSolution
		SolutionGuid = {9106F629-ED64-4900-95FA-61A5CA3B58B7}
	EndGlobalSection
EndGlobal
